{
  "name": "wire-wright",
  "version": "0.0.1-alpha.0",
  "lockfileVersion": 3,
  "requires": true,
  "packages": {
    "": {
      "name": "wire-wright",
      "version": "0.0.1-alpha.0",
      "license": "MIT",
      "dependencies": {
        "ampacity": "^0.1.0"
      },
      "bin": {
        "wire-wright": "bin/cli.mjs"
      }
    },
    "node_modules/ampacity": {
      "version": "0.1.0",
      "resolved": "https://registry.npmjs.org/ampacity/-/ampacity-0.1.0.tgz",
      "integrity": "sha512-dnAzghBvjKUL2DkPaIL8QACrJD/CxTYx33c38hWcxA+9E15qCI6Z+sPrAAnY15XkKgsWXhe8JUhTj5K3ZUeKJg=="
    }
  }
}
